// !$*UTF8*$!
{
	archiveVersion = 1;
	classes = {
	};
	objectVersion = 55;
	objects = {

/* Begin PBXBuildFile section */
		75322533275EC490008075F0 /* AppDelegate.swift in Sources */ = {isa = PBXBuildFile; fileRef = 75322532275EC490008075F0 /* AppDelegate.swift */; };
		75322535275EC490008075F0 /* SceneDelegate.swift in Sources */ = {isa = PBXBuildFile; fileRef = 75322534275EC490008075F0 /* SceneDelegate.swift */; };
		75322537275EC490008075F0 /* ViewController.swift in Sources */ = {isa = PBXBuildFile; fileRef = 75322536275EC490008075F0 /* ViewController.swift */; };
		7532253A275EC490008075F0 /* Main.storyboard in Resources */ = {isa = PBXBuildFile; fileRef = 75322538275EC490008075F0 /* Main.storyboard */; };
		7532253C275EC490008075F0 /* Assets.xcassets in Resources */ = {isa = PBXBuildFile; fileRef = 7532253B275EC490008075F0 /* Assets.xcassets */; };
		7532253F275EC490008075F0 /* LaunchScreen.storyboard in Resources */ = {isa = PBXBuildFile; fileRef = 7532253D275EC490008075F0 /* LaunchScreen.storyboard */; };
		7532254A275EC491008075F0 /* SwiftAndPHPSampleTests.swift in Sources */ = {isa = PBXBuildFile; fileRef = 75322549275EC491008075F0 /* SwiftAndPHPSampleTests.swift */; };
		75322554275EC491008075F0 /* SwiftAndPHPSampleUITests.swift in Sources */ = {isa = PBXBuildFile; fileRef = 75322553275EC491008075F0 /* SwiftAndPHPSampleUITests.swift */; };
		75322556275EC491008075F0 /* SwiftAndPHPSampleUITestsLaunchTests.swift in Sources */ = {isa = PBXBuildFile; fileRef = 75322555275EC491008075F0 /* SwiftAndPHPSampleUITestsLaunchTests.swift */; };
		75322563275EC67E008075F0 /* MySQL.swift in Sources */ = {isa = PBXBuildFile; fileRef = 75322562275EC67E008075F0 /* MySQL.swift */; };
		75322568275F2A18008075F0 /* Todo.swift in Sources */ = {isa = PBXBuildFile; fileRef = 75322567275F2A18008075F0 /* Todo.swift */; };
/* End PBXBuildFile section */

/* Begin PBXContainerItemProxy section */
		75322546275EC491008075F0 /* PBXContainerItemProxy */ = {
			isa = PBXContainerItemProxy;
			containerPortal = 75322527275EC490008075F0 /* Project object */;
			proxyType = 1;
			remoteGlobalIDString = 7532252E275EC490008075F0;
			remoteInfo = SwiftAndPHPSample;
		};
		75322550275EC491008075F0 /* PBXContainerItemProxy */ = {
			isa = PBXContainerItemProxy;
			containerPortal = 75322527275EC490008075F0 /* Project object */;
			proxyType = 1;
			remoteGlobalIDString = 7532252E275EC490008075F0;
			remoteInfo = SwiftAndPHPSample;
		};
/* End PBXContainerItemProxy section */

/* Begin PBXFileReference section */
		7532252F275EC490008075F0 /* SwiftAndPHPSample.app */ = {isa = PBXFileReference; explicitFileType = wrapper.application; includeInIndex = 0; path = SwiftAndPHPSample.app; sourceTree = BUILT_PRODUCTS_DIR; };
		75322532275EC490008075F0 /* AppDelegate.swift */ = {isa = PBXFileReference; lastKnownFileType = sourcecode.swift; path = AppDelegate.swift; sourceTree = "<group>"; };
		75322534275EC490008075F0 /* SceneDelegate.swift */ = {isa = PBXFileReference; lastKnownFileType = sourcecode.swift; path = SceneDelegate.swift; sourceTree = "<group>"; };
		75322536275EC490008075F0 /* ViewController.swift */ = {isa = PBXFileReference; lastKnownFileType = sourcecode.swift; path = ViewController.swift; sourceTree = "<group>"; };
		75322539275EC490008075F0 /* Base */ = {isa = PBXFileReference; lastKnownFileType = file.storyboard; name = Base; path = Base.lproj/Main.storyboard; sourceTree = "<group>"; };
		7532253B275EC490008075F0 /* Assets.xcassets */ = {isa = PBXFileReference; lastKnownFileType = folder.assetcatalog; path = Assets.xcassets; sourceTree = "<group>"; };
		7532253E275EC490008075F0 /* Base */ = {isa = PBXFileReference; lastKnownFileType = file.storyboard; name = Base; path = Base.lproj/LaunchScreen.storyboard; sourceTree = "<group>"; };
		75322540275EC490008075F0 /* Info.plist */ = {isa = PBXFileReference; lastKnownFileType = text.plist.xml; path = Info.plist; sourceTree = "<group>"; };
		75322545275EC491008075F0 /* SwiftAndPHPSampleTests.xctest */ = {isa = PBXFileReference; explicitFileType = wrapper.cfbundle; includeInIndex = 0; path = SwiftAndPHPSampleTests.xctest; sourceTree = BUILT_PRODUCTS_DIR; };
		75322549275EC491008075F0 /* SwiftAndPHPSampleTests.swift */ = {isa = PBXFileReference; lastKnownFileType = sourcecode.swift; path = SwiftAndPHPSampleTests.swift; sourceTree = "<group>"; };
		7532254F275EC491008075F0 /* SwiftAndPHPSampleUITests.xctest */ = {isa = PBXFileReference; explicitFileType = wrapper.cfbundle; includeInIndex = 0; path = SwiftAndPHPSampleUITests.xctest; sourceTree = BUILT_PRODUCTS_DIR; };
		75322553275EC491008075F0 /* SwiftAndPHPSampleUITests.swift */ = {isa = PBXFileReference; lastKnownFileType = sourcecode.swift; path = SwiftAndPHPSampleUITests.swift; sourceTree = "<group>"; };
		75322555275EC491008075F0 /* SwiftAndPHPSampleUITestsLaunchTests.swift */ = {isa = PBXFileReference; lastKnownFileType = sourcecode.swift; path = SwiftAndPHPSampleUITestsLaunchTests.swift; sourceTree = "<group>"; };
		75322562275EC67E008075F0 /* MySQL.swift */ = {isa = PBXFileReference; lastKnownFileType = sourcecode.swift; path = MySQL.swift; sourceTree = "<group>"; };
		75322567275F2A18008075F0 /* Todo.swift */ = {isa = PBXFileReference; lastKnownFileType = sourcecode.swift; path = Todo.swift; sourceTree = "<group>"; };
/* End PBXFileReference section */

/* Begin PBXFrameworksBuildPhase section */
		7532252C275EC490008075F0 /* Frameworks */ = {
			isa = PBXFrameworksBuildPhase;
			buildActionMask = 2147483647;
			files = (
			);
			runOnlyForDeploymentPostprocessing = 0;
		};
		75322542275EC491008075F0 /* Frameworks */ = {
			isa = PBXFrameworksBuildPhase;
			buildActionMask = 2147483647;
			files = (
			);
			runOnlyForDeploymentPostprocessing = 0;
		};
		7532254C275EC491008075F0 /* Frameworks */ = {
			isa = PBXFrameworksBuildPhase;
			buildActionMask = 2147483647;
			files = (
			);
			runOnlyForDeploymentPostprocessing = 0;
		};
/* End PBXFrameworksBuildPhase section */

/* Begin PBXGroup section */
		75322526275EC490008075F0 = {
			isa = PBXGroup;
			children = (
				75322531275EC490008075F0 /* SwiftAndPHPSample */,
				75322548275EC491008075F0 /* SwiftAndPHPSampleTests */,
				75322552275EC491008075F0 /* SwiftAndPHPSampleUITests */,
				75322530275EC490008075F0 /* Products */,
			);
			sourceTree = "<group>";
		};
		75322530275EC490008075F0 /* Products */ = {
			isa = PBXGroup;
			children = (
				7532252F275EC490008075F0 /* SwiftAndPHPSample.app */,
				75322545275EC491008075F0 /* SwiftAndPHPSampleTests.xctest */,
				7532254F275EC491008075F0 /* SwiftAndPHPSampleUITests.xctest */,
			);
			name = Products;
			sourceTree = "<group>";
		};
		75322531275EC490008075F0 /* SwiftAndPHPSample */ = {
			isa = PBXGroup;
			children = (
				75322566275F29FF008075F0 /* Todo */,
				75322532275EC490008075F0 /* AppDelegate.swift */,
				75322534275EC490008075F0 /* SceneDelegate.swift */,
				7532253B275EC490008075F0 /* Assets.xcassets */,
				7532253D275EC490008075F0 /* LaunchScreen.storyboard */,
				75322540275EC490008075F0 /* Info.plist */,
			);
			path = SwiftAndPHPSample;
			sourceTree = "<group>";
		};
		75322548275EC491008075F0 /* SwiftAndPHPSampleTests */ = {
			isa = PBXGroup;
			children = (
				75322549275EC491008075F0 /* SwiftAndPHPSampleTests.swift */,
			);
			path = SwiftAndPHPSampleTests;
			sourceTree = "<group>";
		};
		75322552275EC491008075F0 /* SwiftAndPHPSampleUITests */ = {
			isa = PBXGroup;
			children = (
				75322553275EC491008075F0 /* SwiftAndPHPSampleUITests.swift */,
				75322555275EC491008075F0 /* SwiftAndPHPSampleUITestsLaunchTests.swift */,
			);
			path = SwiftAndPHPSampleUITests;
			sourceTree = "<group>";
		};
		75322566275F29FF008075F0 /* Todo */ = {
			isa = PBXGroup;
			children = (
				75322569275F2A58008075F0 /* Model */,
				7532256A275F2A69008075F0 /* View */,
				7532256B275F2A78008075F0 /* Controller */,
			);
			path = Todo;
			sourceTree = "<group>";
		};
		75322569275F2A58008075F0 /* Model */ = {
			isa = PBXGroup;
			children = (
				75322567275F2A18008075F0 /* Todo.swift */,
				75322562275EC67E008075F0 /* MySQL.swift */,
			);
			path = Model;
			sourceTree = "<group>";
		};
		7532256A275F2A69008075F0 /* View */ = {
			isa = PBXGroup;
			children = (
				75322538275EC490008075F0 /* Main.storyboard */,
			);
			path = View;
			sourceTree = "<group>";
		};
		7532256B275F2A78008075F0 /* Controller */ = {
			isa = PBXGroup;
			children = (
				75322536275EC490008075F0 /* ViewController.swift */,
			);
			path = Controller;
			sourceTree = "<group>";
		};
/* End PBXGroup section */

/* Begin PBXNativeTarget section */
		7532252E275EC490008075F0 /* SwiftAndPHPSample */ = {
			isa = PBXNativeTarget;
			buildConfigurationList = 75322559275EC491008075F0 /* Build configuration list for PBXNativeTarget "SwiftAndPHPSample" */;
			buildPhases = (
				7532252B275EC490008075F0 /* Sources */,
				7532252C275EC490008075F0 /* Frameworks */,
				7532252D275EC490008075F0 /* Resources */,
			);
			buildRules = (
			);
			dependencies = (
			);
			name = SwiftAndPHPSample;
			productName = SwiftAndPHPSample;
			productReference = 7532252F275EC490008075F0 /* SwiftAndPHPSample.app */;
			productType = "com.apple.product-type.application";
		};
		75322544275EC491008075F0 /* SwiftAndPHPSampleTests */ = {
			isa = PBXNativeTarget;
			buildConfigurationList = 7532255C275EC491008075F0 /* Build configuration list for PBXNativeTarget "SwiftAndPHPSampleTests" */;
			buildPhases = (
				75322541275EC491008075F0 /* Sources */,
				75322542275EC491008075F0 /* Frameworks */,
				75322543275EC491008075F0 /* Resources */,
			);
			buildRules = (
			);
			dependencies = (
				75322547275EC491008075F0 /* PBXTargetDependency */,
			);
			name = SwiftAndPHPSampleTests;
			productName = SwiftAndPHPSampleTests;
			productReference = 75322545275EC491008075F0 /* SwiftAndPHPSampleTests.xctest */;
			productType = "com.apple.product-type.bundle.unit-test";
		};
		7532254E275EC491008075F0 /* SwiftAndPHPSampleUITests */ = {
			isa = PBXNativeTarget;
			buildConfigurationList = 7532255F275EC491008075F0 /* Build configuration list for PBXNativeTarget "SwiftAndPHPSampleUITests" */;
			buildPhases = (
				7532254B275EC491008075F0 /* Sources */,
				7532254C275EC491008075F0 /* Frameworks */,
				7532254D275EC491008075F0 /* Resources */,
			);
			buildRules = (
			);
			dependencies = (
				75322551275EC491008075F0 /* PBXTargetDependency */,
			);
			name = SwiftAndPHPSampleUITests;
			productName = SwiftAndPHPSampleUITests;
			productReference = 7532254F275EC491008075F0 /* SwiftAndPHPSampleUITests.xctest */;
			productType = "com.apple.product-type.bundle.ui-testing";
		};
/* End PBXNativeTarget section */

/* Begin PBXProject section */
		75322527275EC490008075F0 /* Project object */ = {
			isa = PBXProject;
			attributes = {
				BuildIndependentTargetsInParallel = 1;
				LastSwiftUpdateCheck = 1310;
				LastUpgradeCheck = 1310;
				TargetAttributes = {
					7532252E275EC490008075F0 = {
						CreatedOnToolsVersion = 13.1;
					};
					75322544275EC491008075F0 = {
						CreatedOnToolsVersion = 13.1;
						TestTargetID = 7532252E275EC490008075F0;
					};
					7532254E275EC491008075F0 = {
						CreatedOnToolsVersion = 13.1;
						TestTargetID = 7532252E275EC490008075F0;
					};
				};
			};
			buildConfigurationList = 7532252A275EC490008075F0 /* Build configuration list for PBXProject "SwiftAndPHPSample" */;
			compatibilityVersion = "Xcode 13.0";
			developmentRegion = en;
			hasScannedForEncodings = 0;
			knownRegions = (
				en,
				Base,
			);
			mainGroup = 75322526275EC490008075F0;
			productRefGroup = 75322530275EC490008075F0 /* Products */;
			projectDirPath = "";
			projectRoot = "";
			targets = (
				7532252E275EC490008075F0 /* SwiftAndPHPSample */,
				75322544275EC491008075F0 /* SwiftAndPHPSampleTests */,
				7532254E275EC491008075F0 /* SwiftAndPHPSampleUITests */,
			);
		};
/* End PBXProject section */

/* Begin PBXResourcesBuildPhase section */
		7532252D275EC490008075F0 /* Resources */ = {
			isa = PBXResourcesBuildPhase;
			buildActionMask = 2147483647;
			files = (
				7532253F275EC490008075F0 /* LaunchScreen.storyboard in Resources */,
				7532253C275EC490008075F0 /* Assets.xcassets in Resources */,
				7532253A275EC490008075F0 /* Main.storyboard in Resources */,
			);
			runOnlyForDeploymentPostprocessing = 0;
		};
		75322543275EC491008075F0 /* Resources */ = {
			isa = PBXResourcesBuildPhase;
			buildActionMask = 2147483647;
			files = (
			);
			runOnlyForDeploymentPostprocessing = 0;
		};
		7532254D275EC491008075F0 /* Resources */ = {
			isa = PBXResourcesBuildPhase;
			buildActionMask = 2147483647;
			files = (
			);
			runOnlyForDeploymentPostprocessing = 0;
		};
/* End PBXResourcesBuildPhase section */

/* Begin PBXSourcesBuildPhase section */
		7532252B275EC490008075F0 /* Sources */ = {
			isa = PBXSourcesBuildPhase;
			buildActionMask = 2147483647;
			files = (
				75322563275EC67E008075F0 /* MySQL.swift in Sources */,
				75322537275EC490008075F0 /* ViewController.swift in Sources */,
				75322533275EC490008075F0 /* AppDelegate.swift in Sources */,
				75322535275EC490008075F0 /* SceneDelegate.swift in Sources */,
				75322568275F2A18008075F0 /* Todo.swift in Sources */,
			);
			runOnlyForDeploymentPostprocessing = 0;
		};
		75322541275EC491008075F0 /* Sources */ = {
			isa = PBXSourcesBuildPhase;
			buildActionMask = 2147483647;
			files = (
				7532254A275EC491008075F0 /* SwiftAndPHPSampleTests.swift in Sources */,
			);
			runOnlyForDeploymentPostprocessing = 0;
		};
		7532254B275EC491008075F0 /* Sources */ = {
			isa = PBXSourcesBuildPhase;
			buildActionMask = 2147483647;
			files = (
				75322554275EC491008075F0 /* SwiftAndPHPSampleUITests.swift in Sources */,
				75322556275EC491008075F0 /* SwiftAndPHPSampleUITestsLaunchTests.swift in Sources */,
			);
			runOnlyForDeploymentPostprocessing = 0;
		};
/* End PBXSourcesBuildPhase section */

/* Begin PBXTargetDependency section */
		75322547275EC491008075F0 /* PBXTargetDependency */ = {
			isa = PBXTargetDependency;
			target = 7532252E275EC490008075F0 /* SwiftAndPHPSample */;
			targetProxy = 75322546275EC491008075F0 /* PBXContainerItemProxy */;
		};
		75322551275EC491008075F0 /* PBXTargetDependency */ = {
			isa = PBXTargetDependency;
			target = 7532252E275EC490008075F0 /* SwiftAndPHPSample */;
			targetProxy = 75322550275EC491008075F0 /* PBXContainerItemProxy */;
		};
/* End PBXTargetDependency section */

/* Begin PBXVariantGroup section */
		75322538275EC490008075F0 /* Main.storyboard */ = {
			isa = PBXVariantGroup;
			children = (
				75322539275EC490008075F0 /* Base */,
			);
			name = Main.storyboard;
			sourceTree = "<group>";
		};
		7532253D275EC490008075F0 /* LaunchScreen.storyboard */ = {
			isa = PBXVariantGroup;
			children = (
				7532253E275EC490008075F0 /* Base */,
			);
			name = LaunchScreen.storyboard;
			sourceTree = "<group>";
		};
/* End PBXVariantGroup section */

/* Begin XCBuildConfiguration section */
		75322557275EC491008075F0 /* Debug */ = {
			isa = XCBuildConfiguration;
			buildSettings = {
				ALWAYS_SEARCH_USER_PATHS = NO;
				CLANG_ANALYZER_NONNULL = YES;
				CLANG_ANALYZER_NUMBER_OBJECT_CONVERSION = YES_AGGRESSIVE;
				CLANG_CXX_LANGUAGE_STANDARD = "gnu++17";
				CLANG_CXX_LIBRARY = "libc++";
				CLANG_ENABLE_MODULES = YES;
				CLANG_ENABLE_OBJC_ARC = YES;
				CLANG_ENABLE_OBJC_WEAK = YES;
				CLANG_WARN_BLOCK_CAPTURE_AUTORELEASING = YES;
				CLANG_WARN_BOOL_CONVERSION = YES;
				CLANG_WARN_COMMA = YES;
				CLANG_WARN_CONSTANT_CONVERSION = YES;
				CLANG_WARN_DEPRECATED_OBJC_IMPLEMENTATIONS = YES;
				CLANG_WARN_DIRECT_OBJC_ISA_USAGE = YES_ERROR;
				CLANG_WARN_DOCUMENTATION_COMMENTS = YES;
				CLANG_WARN_EMPTY_BODY = YES;
				CLANG_WARN_ENUM_CONVERSION = YES;
				CLANG_WARN_INFINITE_RECURSION = YES;
				CLANG_WARN_INT_CONVERSION = YES;
				CLANG_WARN_NON_LITERAL_NULL_CONVERSION = YES;
				CLANG_WARN_OBJC_IMPLICIT_RETAIN_SELF = YES;
				CLANG_WARN_OBJC_LITERAL_CONVERSION = YES;
				CLANG_WARN_OBJC_ROOT_CLASS = YES_ERROR;
				CLANG_WARN_QUOTED_INCLUDE_IN_FRAMEWORK_HEADER = YES;
				CLANG_WARN_RANGE_LOOP_ANALYSIS = YES;
				CLANG_WARN_STRICT_PROTOTYPES = YES;
				CLANG_WARN_SUSPICIOUS_MOVE = YES;
				CLANG_WARN_UNGUARDED_AVAILABILITY = YES_AGGRESSIVE;
				CLANG_WARN_UNREACHABLE_CODE = YES;
				CLANG_WARN__DUPLICATE_METHOD_MATCH = YES;
				COPY_PHASE_STRIP = NO;
				DEBUG_INFORMATION_FORMAT = dwarf;
				ENABLE_STRICT_OBJC_MSGSEND = YES;
				ENABLE_TESTABILITY = YES;
				GCC_C_LANGUAGE_STANDARD = gnu11;
				GCC_DYNAMIC_NO_PIC = NO;
				GCC_NO_COMMON_BLOCKS = YES;
				GCC_OPTIMIZATION_LEVEL = 0;
				GCC_PREPROCESSOR_DEFINITIONS = (
					"DEBUG=1",
					"$(inherited)",
				);
				GCC_WARN_64_TO_32_BIT_CONVERSION = YES;
				GCC_WARN_ABOUT_RETURN_TYPE = YES_ERROR;
				GCC_WARN_UNDECLARED_SELECTOR = YES;
				GCC_WARN_UNINITIALIZED_AUTOS = YES_AGGRESSIVE;
				GCC_WARN_UNUSED_FUNCTION = YES;
				GCC_WARN_UNUSED_VARIABLE = YES;
				IPHONEOS_DEPLOYMENT_TARGET = 15.0;
				MTL_ENABLE_DEBUG_INFO = INCLUDE_SOURCE;
				MTL_FAST_MATH = YES;
				ONLY_ACTIVE_ARCH = YES;
				SDKROOT = iphoneos;
				SWIFT_ACTIVE_COMPILATION_CONDITIONS = DEBUG;
				SWIFT_OPTIMIZATION_LEVEL = "-Onone";
			};
			name = Debug;
		};
		75322558275EC491008075F0 /* Release */ = {
			isa = XCBuildConfiguration;
			buildSettings = {
				ALWAYS_SEARCH_USER_PATHS = NO;
				CLANG_ANALYZER_NONNULL = YES;
				CLANG_ANALYZER_NUMBER_OBJECT_CONVERSION = YES_AGGRESSIVE;
				CLANG_CXX_LANGUAGE_STANDARD = "gnu++17";
				CLANG_CXX_LIBRARY = "libc++";
				CLANG_ENABLE_MODULES = YES;
				CLANG_ENABLE_OBJC_ARC = YES;
				CLANG_ENABLE_OBJC_WEAK = YES;
				CLANG_WARN_BLOCK_CAPTURE_AUTORELEASING = YES;
				CLANG_WARN_BOOL_CONVERSION = YES;
				CLANG_WARN_COMMA = YES;
				CLANG_WARN_CONSTANT_CONVERSION = YES;
				CLANG_WARN_DEPRECATED_OBJC_IMPLEMENTATIONS = YES;
				CLANG_WARN_DIRECT_OBJC_ISA_USAGE = YES_ERROR;
				CLANG_WARN_DOCUMENTATION_COMMENTS = YES;
				CLANG_WARN_EMPTY_BODY = YES;
				CLANG_WARN_ENUM_CONVERSION = YES;
				CLANG_WARN_INFINITE_RECURSION = YES;
				CLANG_WARN_INT_CONVERSION = YES;
				CLANG_WARN_NON_LITERAL_NULL_CONVERSION = YES;
				CLANG_WARN_OBJC_IMPLICIT_RETAIN_SELF = YES;
				CLANG_WARN_OBJC_LITERAL_CONVERSION = YES;
				CLANG_WARN_OBJC_ROOT_CLASS = YES_ERROR;
				CLANG_WARN_QUOTED_INCLUDE_IN_FRAMEWORK_HEADER = YES;
				CLANG_WARN_RANGE_LOOP_ANALYSIS = YES;
				CLANG_WARN_STRICT_PROTOTYPES = YES;
				CLANG_WARN_SUSPICIOUS_MOVE = YES;
				CLANG_WARN_UNGUARDED_AVAILABILITY = YES_AGGRESSIVE;
				CLANG_WARN_UNREACHABLE_CODE = YES;
				CLANG_WARN__DUPLICATE_METHOD_MATCH = YES;
				COPY_PHASE_STRIP = NO;
				DEBUG_INFORMATION_FORMAT = "dwarf-with-dsym";
				ENABLE_NS_ASSERTIONS = NO;
				ENABLE_STRICT_OBJC_MSGSEND = YES;
				GCC_C_LANGUAGE_STANDARD = gnu11;
				GCC_NO_COMMON_BLOCKS = YES;
				GCC_WARN_64_TO_32_BIT_CONVERSION = YES;
				GCC_WARN_ABOUT_RETURN_TYPE = YES_ERROR;
				GCC_WARN_UNDECLARED_SELECTOR = YES;
				GCC_WARN_UNINITIALIZED_AUTOS = YES_AGGRESSIVE;
				GCC_WARN_UNUSED_FUNCTION = YES;
				GCC_WARN_UNUSED_VARIABLE = YES;
				IPHONEOS_DEPLOYMENT_TARGET = 15.0;
				MTL_ENABLE_DEBUG_INFO = NO;
				MTL_FAST_MATH = YES;
				SDKROOT = iphoneos;
				SWIFT_COMPILATION_MODE = wholemodule;
				SWIFT_OPTIMIZATION_LEVEL = "-O";
				VALIDATE_PRODUCT = YES;
			};
			name = Release;
		};
		7532255A275EC491008075F0 /* Debug */ = {
			isa = XCBuildConfiguration;
			buildSettings = {
				ASSETCATALOG_COMPILER_APPICON_NAME = AppIcon;
				ASSETCATALOG_COMPILER_GLOBAL_ACCENT_COLOR_NAME = AccentColor;
				CODE_SIGN_STYLE = Automatic;
				CURRENT_PROJECT_VERSION = 1;
				DEVELOPMENT_TEAM = N53995CJPD;
				GENERATE_INFOPLIST_FILE = YES;
				INFOPLIST_FILE = SwiftAndPHPSample/Info.plist;
				INFOPLIST_KEY_UIApplicationSupportsIndirectInputEvents = YES;
				INFOPLIST_KEY_UILaunchStoryboardName = LaunchScreen;
				INFOPLIST_KEY_UIMainStoryboardFile = Main;
				INFOPLIST_KEY_UISupportedInterfaceOrientations_iPad = "UIInterfaceOrientationPortrait UIInterfaceOrientationPortraitUpsideDown UIInterfaceOrientationLandscapeLeft UIInterfaceOrientationLandscapeRight";
				INFOPLIST_KEY_UISupportedInterfaceOrientations_iPhone = "UIInterfaceOrientationPortrait UIInterfaceOrientationLandscapeLeft UIInterfaceOrientationLandscapeRight";
				LD_RUNPATH_SEARCH_PATHS = (
					"$(inherited)",
					"@executable_path/Frameworks",
				);
				MARKETING_VERSION = 1.0;
				PRODUCT_BUNDLE_IDENTIFIER = com.tatsuo.SwiftAndPHPSample;
				PRODUCT_NAME = "$(TARGET_NAME)";
				SWIFT_EMIT_LOC_STRINGS = YES;
				SWIFT_VERSION = 5.0;
				TARGETED_DEVICE_FAMILY = 1;
			};
			name = Debug;
		};
		7532255B275EC491008075F0 /* Release */ = {
			isa = XCBuildConfiguration;
			buildSettings = {
				ASSETCATALOG_COMPILER_APPICON_NAME = AppIcon;
				ASSETCATALOG_COMPILER_GLOBAL_ACCENT_COLOR_NAME = AccentColor;
				CODE_SIGN_STYLE = Automatic;
				CURRENT_PROJECT_VERSION = 1;
				DEVELOPMENT_TEAM = N53995CJPD;
				GENERATE_INFOPLIST_FILE = YES;
				INFOPLIST_FILE = SwiftAndPHPSample/Info.plist;
				INFOPLIST_KEY_UIApplicationSupportsIndirectInputEvents = YES;
				INFOPLIST_KEY_UILaunchStoryboardName = LaunchScreen;
				INFOPLIST_KEY_UIMainStoryboardFile = Main;
				INFOPLIST_KEY_UISupportedInterfaceOrientations_iPad = "UIInterfaceOrientationPortrait UIInterfaceOrientationPortraitUpsideDown UIInterfaceOrientationLandscapeLeft UIInterfaceOrientationLandscapeRight";
				INFOPLIST_KEY_UISupportedInterfaceOrientations_iPhone = "UIInterfaceOrientationPortrait UIInterfaceOrientationLandscapeLeft UIInterfaceOrientationLandscapeRight";
				LD_RUNPATH_SEARCH_PATHS = (
					"$(inherited)",
					"@executable_path/Frameworks",
				);
				MARKETING_VERSION = 1.0;
				PRODUCT_BUNDLE_IDENTIFIER = com.tatsuo.SwiftAndPHPSample;
				PRODUCT_NAME = "$(TARGET_NAME)";
				SWIFT_EMIT_LOC_STRINGS = YES;
				SWIFT_VERSION = 5.0;
				TARGETED_DEVICE_FAMILY = 1;
			};
			name = Release;
		};
		7532255D275EC491008075F0 /* Debug */ = {
			isa = XCBuildConfiguration;
			buildSettings = {
				ALWAYS_EMBED_SWIFT_STANDARD_LIBRARIES = YES;
				BUNDLE_LOADER = "$(TEST_HOST)";
				CODE_SIGN_STYLE = Automatic;
				CURRENT_PROJECT_VERSION = 1;
				DEVELOPMENT_TEAM = N53995CJPD;
				GENERATE_INFOPLIST_FILE = YES;
				IPHONEOS_DEPLOYMENT_TARGET = 15.0;
				LD_RUNPATH_SEARCH_PATHS = (
					"$(inherited)",
					"@executable_path/Frameworks",
					"@loader_path/Frameworks",
				);
				MARKETING_VERSION = 1.0;
				PRODUCT_BUNDLE_IDENTIFIER = com.tatsuo.SwiftAndPHPSampleTests;
				PRODUCT_NAME = "$(TARGET_NAME)";
				SWIFT_EMIT_LOC_STRINGS = NO;
				SWIFT_VERSION = 5.0;
				TARGETED_DEVICE_FAMILY = "1,2";
				TEST_HOST = "$(BUILT_PRODUCTS_DIR)/SwiftAndPHPSample.app/SwiftAndPHPSample";
			};
			name = Debug;
		};
		7532255E275EC491008075F0 /* Release */ = {
			isa = XCBuildConfiguration;
			buildSettings = {
				ALWAYS_EMBED_SWIFT_STANDARD_LIBRARIES = YES;
				BUNDLE_LOADER = "$(TEST_HOST)";
				CODE_SIGN_STYLE = Automatic;
				CURRENT_PROJECT_VERSION = 1;
				DEVELOPMENT_TEAM = N53995CJPD;
				GENERATE_INFOPLIST_FILE = YES;
				IPHONEOS_DEPLOYMENT_TARGET = 15.0;
				LD_RUNPATH_SEARCH_PATHS = (
					"$(inherited)",
					"@executable_path/Frameworks",
					"@loader_path/Frameworks",
				);
				MARKETING_VERSION = 1.0;
				PRODUCT_BUNDLE_IDENTIFIER = com.tatsuo.SwiftAndPHPSampleTests;
				PRODUCT_NAME = "$(TARGET_NAME)";
				SWIFT_EMIT_LOC_STRINGS = NO;
				SWIFT_VERSION = 5.0;
				TARGETED_DEVICE_FAMILY = "1,2";
				TEST_HOST = "$(BUILT_PRODUCTS_DIR)/SwiftAndPHPSample.app/SwiftAndPHPSample";
			};
			name = Release;
		};
		75322560275EC491008075F0 /* Debug */ = {
			isa = XCBuildConfiguration;
			buildSettings = {
				ALWAYS_EMBED_SWIFT_STANDARD_LIBRARIES = YES;
				CODE_SIGN_STYLE = Automatic;
				CURRENT_PROJECT_VERSION = 1;
				DEVELOPMENT_TEAM = N53995CJPD;
				GENERATE_INFOPLIST_FILE = YES;
				LD_RUNPATH_SEARCH_PATHS = (
					"$(inherited)",
					"@executable_path/Frameworks",
					"@loader_path/Frameworks",
				);
				MARKETING_VERSION = 1.0;
				PRODUCT_BUNDLE_IDENTIFIER = com.tatsuo.SwiftAndPHPSampleUITests;
				PRODUCT_NAME = "$(TARGET_NAME)";
				SWIFT_EMIT_LOC_STRINGS = NO;
				SWIFT_VERSION = 5.0;
				TARGETED_DEVICE_FAMILY = "1,2";
				TEST_TARGET_NAME = SwiftAndPHPSample;
			};
			name = Debug;
		};
		75322561275EC491008075F0 /* Release */ = {
			isa = XCBuildConfiguration;
			buildSettings = {
				ALWAYS_EMBED_SWIFT_STANDARD_LIBRARIES = YES;
				CODE_SIGN_STYLE = Automatic;
				CURRENT_PROJECT_VERSION = 1;
				DEVELOPMENT_TEAM = N53995CJPD;
				GENERATE_INFOPLIST_FILE = YES;
				LD_RUNPATH_SEARCH_PATHS = (
					"$(inherited)",
					"@executable_path/Frameworks",
					"@loader_path/Frameworks",
				);
				MARKETING_VERSION = 1.0;
				PRODUCT_BUNDLE_IDENTIFIER = com.tatsuo.SwiftAndPHPSampleUITests;
				PRODUCT_NAME = "$(TARGET_NAME)";
				SWIFT_EMIT_LOC_STRINGS = NO;
				SWIFT_VERSION = 5.0;
				TARGETED_DEVICE_FAMILY = "1,2";
				TEST_TARGET_NAME = SwiftAndPHPSample;
			};
			name = Release;
		};
/* End XCBuildConfiguration section */

/* Begin XCConfigurationList section */
		7532252A275EC490008075F0 /* Build configuration list for PBXProject "SwiftAndPHPSample" */ = {
			isa = XCConfigurationList;
			buildConfigurations = (
				75322557275EC491008075F0 /* Debug */,
				75322558275EC491008075F0 /* Release */,
			);
			defaultConfigurationIsVisible = 0;
			defaultConfigurationName = Release;
		};
		75322559275EC491008075F0 /* Build configuration list for PBXNativeTarget "SwiftAndPHPSample" */ = {
			isa = XCConfigurationList;
			buildConfigurations = (
				7532255A275EC491008075F0 /* Debug */,
				7532255B275EC491008075F0 /* Release */,
			);
			defaultConfigurationIsVisible = 0;
			defaultConfigurationName = Release;
		};
		7532255C275EC491008075F0 /* Build configuration list for PBXNativeTarget "SwiftAndPHPSampleTests" */ = {
			isa = XCConfigurationList;
			buildConfigurations = (
				7532255D275EC491008075F0 /* Debug */,
				7532255E275EC491008075F0 /* Release */,
			);
			defaultConfigurationIsVisible = 0;
			defaultConfigurationName = Release;
		};
		7532255F275EC491008075F0 /* Build configuration list for PBXNativeTarget "SwiftAndPHPSampleUITests" */ = {
			isa = XCConfigurationList;
			buildConfigurations = (
				75322560275EC491008075F0 /* Debug */,
				75322561275EC491008075F0 /* Release */,
			);
			defaultConfigurationIsVisible = 0;
			defaultConfigurationName = Release;
		};
/* End XCConfigurationList section */
	};
	rootObject = 75322527275EC490008075F0 /* Project object */;
}
